lockfileVersion: '9.0'

settings:
  autoInstallPeers: true
  excludeLinksFromLockfile: false

importers:

  .:
    devDependencies:
      prettier:
        specifier: 3.8.5
        version: 3.8.5

packages:

  prettier@3.8.5:
    resolution: {integrity: sha512-zxcTTCedNGJM4R8sj/Cq/F0W/c4iE0afWBcBwMTRtw4WHYP9TWkYjdiH3npPRUYsXQCPR0hTU9yjovOu+E6EQA==}
    engines: {node: '>=14'}
    hasBin: true

snapshots:

  prettier@3.8.5: {}
